
Microsoft Visual Studio Solution File, Format Version 11.00
# Visual Studio 2010
Project("{8BC9CEB8-8B4A-11D0-8D11-00A0C91BC942}") = "FiniteVolume2D", "FiniteVolume2D\FiniteVolume2D.vcxproj", "{AAF6FF3C-4CF4-41EA-B488-09F55745CAA3}"
EndProject
Project("{8BC9CEB8-8B4A-11D0-8D11-00A0C91BC942}") = "UnitTest", "UnitTest\UnitTest.vcxproj", "{10F62B7B-FAF7-4BC7-B8A4-5BFF1FF4EC3C}"
EndProject
Global
	GlobalSection(SolutionConfigurationPlatforms) = preSolution
		Debug|Win32 = Debug|Win32
		Release|Win32 = Release|Win32
	EndGlobalSection
	GlobalSection(ProjectConfigurationPlatforms) = postSolution
		{AAF6FF3C-4CF4-41EA-B488-09F55745CAA3}.Debug|Win32.ActiveCfg = Debug|Win32
		{AAF6FF3C-4CF4-41EA-B488-09F55745CAA3}.Debug|Win32.Build.0 = Debug|Win32
		{AAF6FF3C-4CF4-41EA-B488-09F55745CAA3}.Release|Win32.ActiveCfg = Release|Win32
		{AAF6FF3C-4CF4-41EA-B488-09F55745CAA3}.Release|Win32.Build.0 = Release|Win32
		{10F62B7B-FAF7-4BC7-B8A4-5BFF1FF4EC3C}.Debug|Win32.ActiveCfg = Debug|Win32
		{10F62B7B-FAF7-4BC7-B8A4-5BFF1FF4EC3C}.Debug|Win32.Build.0 = Debug|Win32
		{10F62B7B-FAF7-4BC7-B8A4-5BFF1FF4EC3C}.Release|Win32.ActiveCfg = Release|Win32
		{10F62B7B-FAF7-4BC7-B8A4-5BFF1FF4EC3C}.Release|Win32.Build.0 = Release|Win32
	EndGlobalSection
	GlobalSection(SolutionProperties) = preSolution
		HideSolutionNode = FALSE
	EndGlobalSection
EndGlobal
