
Microsoft Visual Studio Solution File, Format Version 12.00
# Visual Studio 2012
Project("{8BC9CEB8-8B4A-11D0-8D11-00A0C91BC942}") = "FiniteVolume2D", "FiniteVolume2D\FiniteVolume2D.vcxproj", "{AAF6FF3C-4CF4-41EA-B488-09F55745CAA3}"
EndProject
Project("{8BC9CEB8-8B4A-11D0-8D11-00A0C91BC942}") = "UnitTest", "UnitTest\UnitTest.vcxproj", "{10F62B7B-FAF7-4BC7-B8A4-5BFF1FF4EC3C}"
EndProject
Project("{8BC9CEB8-8B4A-11D0-8D11-00A0C91BC942}") = "FiniteVolume2DLib", "FiniteVolume2DLib\FiniteVolume2DLib.vcxproj", "{6AF3AA8B-0FE6-489E-B930-9D641A42F71F}"
EndProject
Project("{8BC9CEB8-8B4A-11D0-8D11-00A0C91BC942}") = "Solver", "Solver\Solver.vcxproj", "{A32AF199-69C6-4F64-A376-00C15DA4818A}"
EndProject
Project("{8BC9CEB8-8B4A-11D0-8D11-00A0C91BC942}") = "Main", "Main\Main.vcxproj", "{50C03825-D27B-4AD6-997C-D8EE9F4E2085}"
EndProject
Global
	GlobalSection(SolutionConfigurationPlatforms) = preSolution
		Debug|Win32 = Debug|Win32
		Debug|x64 = Debug|x64
		Release|Win32 = Release|Win32
		Release|x64 = Release|x64
	EndGlobalSection
	GlobalSection(ProjectConfigurationPlatforms) = postSolution
		{AAF6FF3C-4CF4-41EA-B488-09F55745CAA3}.Debug|Win32.ActiveCfg = Debug|Win32
		{AAF6FF3C-4CF4-41EA-B488-09F55745CAA3}.Debug|Win32.Build.0 = Debug|Win32
		{AAF6FF3C-4CF4-41EA-B488-09F55745CAA3}.Debug|x64.ActiveCfg = Debug|x64
		{AAF6FF3C-4CF4-41EA-B488-09F55745CAA3}.Debug|x64.Build.0 = Debug|x64
		{AAF6FF3C-4CF4-41EA-B488-09F55745CAA3}.Release|Win32.ActiveCfg = Release|Win32
		{AAF6FF3C-4CF4-41EA-B488-09F55745CAA3}.Release|Win32.Build.0 = Release|Win32
		{AAF6FF3C-4CF4-41EA-B488-09F55745CAA3}.Release|x64.ActiveCfg = Release|x64
		{AAF6FF3C-4CF4-41EA-B488-09F55745CAA3}.Release|x64.Build.0 = Release|x64
		{10F62B7B-FAF7-4BC7-B8A4-5BFF1FF4EC3C}.Debug|Win32.ActiveCfg = Debug|Win32
		{10F62B7B-FAF7-4BC7-B8A4-5BFF1FF4EC3C}.Debug|Win32.Build.0 = Debug|Win32
		{10F62B7B-FAF7-4BC7-B8A4-5BFF1FF4EC3C}.Debug|x64.ActiveCfg = Debug|x64
		{10F62B7B-FAF7-4BC7-B8A4-5BFF1FF4EC3C}.Debug|x64.Build.0 = Debug|x64
		{10F62B7B-FAF7-4BC7-B8A4-5BFF1FF4EC3C}.Release|Win32.ActiveCfg = Release|Win32
		{10F62B7B-FAF7-4BC7-B8A4-5BFF1FF4EC3C}.Release|Win32.Build.0 = Release|Win32
		{10F62B7B-FAF7-4BC7-B8A4-5BFF1FF4EC3C}.Release|x64.ActiveCfg = Release|x64
		{10F62B7B-FAF7-4BC7-B8A4-5BFF1FF4EC3C}.Release|x64.Build.0 = Release|x64
		{6AF3AA8B-0FE6-489E-B930-9D641A42F71F}.Debug|Win32.ActiveCfg = Debug|Win32
		{6AF3AA8B-0FE6-489E-B930-9D641A42F71F}.Debug|Win32.Build.0 = Debug|Win32
		{6AF3AA8B-0FE6-489E-B930-9D641A42F71F}.Debug|x64.ActiveCfg = Debug|x64
		{6AF3AA8B-0FE6-489E-B930-9D641A42F71F}.Debug|x64.Build.0 = Debug|x64
		{6AF3AA8B-0FE6-489E-B930-9D641A42F71F}.Release|Win32.ActiveCfg = Release|Win32
		{6AF3AA8B-0FE6-489E-B930-9D641A42F71F}.Release|Win32.Build.0 = Release|Win32
		{6AF3AA8B-0FE6-489E-B930-9D641A42F71F}.Release|x64.ActiveCfg = Release|x64
		{6AF3AA8B-0FE6-489E-B930-9D641A42F71F}.Release|x64.Build.0 = Release|x64
		{A32AF199-69C6-4F64-A376-00C15DA4818A}.Debug|Win32.ActiveCfg = Debug|Win32
		{A32AF199-69C6-4F64-A376-00C15DA4818A}.Debug|Win32.Build.0 = Debug|Win32
		{A32AF199-69C6-4F64-A376-00C15DA4818A}.Debug|x64.ActiveCfg = Debug|x64
		{A32AF199-69C6-4F64-A376-00C15DA4818A}.Debug|x64.Build.0 = Debug|x64
		{A32AF199-69C6-4F64-A376-00C15DA4818A}.Release|Win32.ActiveCfg = Release|Win32
		{A32AF199-69C6-4F64-A376-00C15DA4818A}.Release|Win32.Build.0 = Release|Win32
		{A32AF199-69C6-4F64-A376-00C15DA4818A}.Release|x64.ActiveCfg = Release|x64
		{A32AF199-69C6-4F64-A376-00C15DA4818A}.Release|x64.Build.0 = Release|x64
		{50C03825-D27B-4AD6-997C-D8EE9F4E2085}.Debug|Win32.ActiveCfg = Debug|Win32
		{50C03825-D27B-4AD6-997C-D8EE9F4E2085}.Debug|Win32.Build.0 = Debug|Win32
		{50C03825-D27B-4AD6-997C-D8EE9F4E2085}.Debug|x64.ActiveCfg = Debug|x64
		{50C03825-D27B-4AD6-997C-D8EE9F4E2085}.Debug|x64.Build.0 = Debug|x64
		{50C03825-D27B-4AD6-997C-D8EE9F4E2085}.Release|Win32.ActiveCfg = Release|Win32
		{50C03825-D27B-4AD6-997C-D8EE9F4E2085}.Release|Win32.Build.0 = Release|Win32
		{50C03825-D27B-4AD6-997C-D8EE9F4E2085}.Release|x64.ActiveCfg = Release|x64
		{50C03825-D27B-4AD6-997C-D8EE9F4E2085}.Release|x64.Build.0 = Release|x64
	EndGlobalSection
	GlobalSection(SolutionProperties) = preSolution
		HideSolutionNode = FALSE
	EndGlobalSection
EndGlobal
